
Microsoft Visual Studio Solution File, Format Version 12.00
Project("{FAE04EC0-301F-11D3-BF4B-00C04F79EFBC}") = "EventProcessingService", "EventProcessingService\EventProcessingService.csproj", "{4AEF3BE0-127F-4917-962D-A33E5E96BA74}"
EndProject
Project("{FAE04EC0-301F-11D3-BF4B-00C04F79EFBC}") = "TestEventProcessing", "TestEventProcessing\TestEventProcessing.csproj", "{64D7775A-FADE-4A39-B454-CE3D4E8714AB}"
EndProject
Global
	GlobalSection(SolutionConfigurationPlatforms) = preSolution
		Debug|Any CPU = Debug|Any CPU
		Release|Any CPU = Release|Any CPU
	EndGlobalSection
	GlobalSection(ProjectConfigurationPlatforms) = postSolution
		{4AEF3BE0-127F-4917-962D-A33E5E96BA74}.Debug|Any CPU.ActiveCfg = Debug|Any CPU
		{4AEF3BE0-127F-4917-962D-A33E5E96BA74}.Debug|Any CPU.Build.0 = Debug|Any CPU
		{4AEF3BE0-127F-4917-962D-A33E5E96BA74}.Release|Any CPU.ActiveCfg = Release|Any CPU
		{4AEF3BE0-127F-4917-962D-A33E5E96BA74}.Release|Any CPU.Build.0 = Release|Any CPU
		{64D7775A-FADE-4A39-B454-CE3D4E8714AB}.Debug|Any CPU.ActiveCfg = Debug|Any CPU
		{64D7775A-FADE-4A39-B454-CE3D4E8714AB}.Debug|Any CPU.Build.0 = Debug|Any CPU
		{64D7775A-FADE-4A39-B454-CE3D4E8714AB}.Release|Any CPU.ActiveCfg = Release|Any CPU
		{64D7775A-FADE-4A39-B454-CE3D4E8714AB}.Release|Any CPU.Build.0 = Release|Any CPU
	EndGlobalSection
EndGlobal
